
Microsoft Visual Studio Solution File, Format Version 11.00
# Visual Studio 2010
Project("{A0786B88-2ADB-4C21-ABE8-AA2D79766269}") = "phpclasses.org", "phpclasses.org.phpproj", "{C0A9E223-7B1C-4EAA-A50F-C79E011CFBF6}"
EndProject
Global
	GlobalSection(SolutionConfigurationPlatforms) = preSolution
		Debug|Any CPU = Debug|Any CPU
		Release|Any CPU = Release|Any CPU
	EndGlobalSection
	GlobalSection(ProjectConfigurationPlatforms) = postSolution
		{C0A9E223-7B1C-4EAA-A50F-C79E011CFBF6}.Debug|Any CPU.ActiveCfg = Debug|Any CPU
		{C0A9E223-7B1C-4EAA-A50F-C79E011CFBF6}.Release|Any CPU.ActiveCfg = Release|Any CPU
	EndGlobalSection
	GlobalSection(SolutionProperties) = preSolution
		HideSolutionNode = FALSE
	EndGlobalSection
EndGlobal
